
Microsoft Visual Studio Solution File, Format Version 12.00
# Visual Studio Version 17
VisualStudioVersion = 17.4.33205.214
MinimumVisualStudioVersion = 10.0.40219.1
Project("{FAE04EC0-301F-11D3-BF4B-00C04F79EFBC}") = "BasciWebApp", "BasciWebApp.csproj", "{0972FA58-DF0F-4C91-A345-165D2F668B9B}"
EndProject
Global
	GlobalSection(SolutionConfigurationPlatforms) = preSolution
		Debug|Any CPU = Debug|Any CPU
		Release|Any CPU = Release|Any CPU
	EndGlobalSection
	GlobalSection(ProjectConfigurationPlatforms) = postSolution
		{0972FA58-DF0F-4C91-A345-165D2F668B9B}.Debug|Any CPU.ActiveCfg = Debug|Any CPU
		{0972FA58-DF0F-4C91-A345-165D2F668B9B}.Debug|Any CPU.Build.0 = Debug|Any CPU
		{0972FA58-DF0F-4C91-A345-165D2F668B9B}.Release|Any CPU.ActiveCfg = Release|Any CPU
		{0972FA58-DF0F-4C91-A345-165D2F668B9B}.Release|Any CPU.Build.0 = Release|Any CPU
	EndGlobalSection
	GlobalSection(SolutionProperties) = preSolution
		HideSolutionNode = FALSE
	EndGlobalSection
	GlobalSection(ExtensibilityGlobals) = postSolution
		SolutionGuid = {189C54B9-02D0-4914-83F2-1709B4A17ED4}
	EndGlobalSection
EndGlobal
